{
  "name": "producto2deswebintegral",
  "version": "1.0.0",
  "lockfileVersion": 3,
  "requires": true,
  "packages": {
    "": {
      "name": "producto2deswebintegral",
      "version": "1.0.0",
      "license": "ISC",
      "dependencies": {
        "written-number": "^0.11.1"
      }
    },
    "node_modules/written-number": {
      "version": "0.11.1",
      "resolved": "https://registry.npmjs.org/written-number/-/written-number-0.11.1.tgz",
      "integrity": "sha512-LhQ68uUnzHH0bwm/QiGA9JwqgadSDOwqB2AIs/LBsrOY6ScqVXKRN2slTCeKAhstDBJ/Of/Yxcjn0pnQmVlmtg==",
      "license": "MIT"
    }
  }
}
